{
  "nodes": {
    "esdbclient": {
      "inputs": {
        "flake-utils": [
          "pythoneda-shared-infrastructure",
          "flake-utils"
        ],
        "nixos": [
          "pythoneda-shared-infrastructure",
          "nixos"
        ]
      },
      "locked": {
        "dir": "esdbclient",
        "lastModified": 1707207617,
        "narHash": "sha256-1Zii05PANOJ0UtbrIFDoKP46aZX3+PA6t1QLoN/GsJE=",
        "owner": "rydnr",
        "repo": "nix-flakes",
        "rev": "4827d53cc8799be263b5048eb250eaee1e32e1bc",
        "type": "github"
      },
      "original": {
        "dir": "esdbclient",
        "owner": "rydnr",
        "repo": "nix-flakes",
        "type": "github"
      }
    },
    "esdbclient_2": {
      "inputs": {
        "flake-utils": [
          "pythoneda-shared-runtime-lifecycle-events-infrastructure",
          "pythoneda-shared-infrastructure",
          "flake-utils"
        ],
        "nixos": [
          "pythoneda-shared-runtime-lifecycle-events-infrastructure",
          "pythoneda-shared-infrastructure",
          "nixos"
        ]
      },
      "locked": {
        "dir": "esdbclient",
        "lastModified": 1707207617,
        "narHash": "sha256-1Zii05PANOJ0UtbrIFDoKP46aZX3+PA6t1QLoN/GsJE=",
        "owner": "rydnr",
        "repo": "nix-flakes",
        "rev": "4827d53cc8799be263b5048eb250eaee1e32e1bc",
        "type": "github"
      },
      "original": {
        "dir": "esdbclient",
        "owner": "rydnr",
        "repo": "nix-flakes",
        "type": "github"
      }
    },
    "flake-utils": {
      "locked": {
        "lastModified": 1652776076,
        "narHash": "sha256-gzTw/v1vj4dOVbpBSJX4J0DwUR6LIyXo7/SuuTJp1kM=",
        "owner": "numtide",
        "repo": "flake-utils",
        "rev": "04c1b180862888302ddfb2e3ad9eaa63afc60cf8",
        "type": "github"
      },
      "original": {
        "owner": "numtide",
        "ref": "v1.0.0",
        "repo": "flake-utils",
        "type": "github"
      }
    },
    "nixos": {
      "locked": {
        "lastModified": 1701282334,
        "narHash": "sha256-MxCVrXY6v4QmfTwIysjjaX0XUhqBbxTWWB4HXtDYsdk=",
        "owner": "NixOS",
        "repo": "nixpkgs",
        "rev": "057f9aecfb71c4437d2b27d3323df7f93c010b7e",
        "type": "github"
      },
      "original": {
        "owner": "NixOS",
        "ref": "23.11",
        "repo": "nixpkgs",
        "type": "github"
      }
    },
    "pythoneda-runtime-boot": {
      "inputs": {
        "flake-utils": [
          "flake-utils"
        ],
        "nixos": [
          "nixos"
        ],
        "pythoneda-shared-banner": [
          "pythoneda-shared-banner"
        ],
        "pythoneda-shared-domain": [
          "pythoneda-shared-domain"
        ],
        "pythoneda-shared-runtime-lifecycle-events": "pythoneda-shared-runtime-lifecycle-events"
      },
      "locked": {
        "lastModified": 1707332675,
        "narHash": "sha256-+jC/F+XLxxY0fVIWgJb6kwl9H6J7j5WRZevQRGEJ2YE=",
        "owner": "pythoneda-runtime-def",
        "repo": "boot",
        "rev": "b9a4f87738d73faf22e4584f3e4cbb3d33cb4e0b",
        "type": "github"
      },
      "original": {
        "owner": "pythoneda-runtime-def",
        "ref": "0.0.9",
        "repo": "boot",
        "type": "github"
      }
    },
    "pythoneda-shared-banner": {
      "inputs": {
        "flake-utils": [
          "flake-utils"
        ],
        "nixos": [
          "nixos"
        ]
      },
      "locked": {
        "lastModified": 1705523563,
        "narHash": "sha256-jjZLUUwAHWLPzyhCZfz01pkr5WdpA4Kn0AP2H6dBX6g=",
        "owner": "pythoneda-shared-def",
        "repo": "banner",
        "rev": "d9dfb9513567582424a602e21be72a60e3e631b4",
        "type": "github"
      },
      "original": {
        "owner": "pythoneda-shared-def",
        "ref": "0.0.47",
        "repo": "banner",
        "type": "github"
      }
    },
    "pythoneda-shared-domain": {
      "inputs": {
        "flake-utils": [
          "flake-utils"
        ],
        "nixos": [
          "nixos"
        ],
        "pythoneda-shared-banner": [
          "pythoneda-shared-banner"
        ]
      },
      "locked": {
        "lastModified": 1707330544,
        "narHash": "sha256-2c8cWb/V0su8AYT8cEm4gnjwcjpMdwcMWqb7GfAqclE=",
        "owner": "pythoneda-shared-def",
        "repo": "domain",
        "rev": "d6ad2c1699a67084a0d2345e9dba2d16999435bb",
        "type": "github"
      },
      "original": {
        "owner": "pythoneda-shared-def",
        "ref": "0.0.33",
        "repo": "domain",
        "type": "github"
      }
    },
    "pythoneda-shared-infrastructure": {
      "inputs": {
        "esdbclient": "esdbclient",
        "flake-utils": [
          "flake-utils"
        ],
        "nixos": [
          "nixos"
        ],
        "pythoneda-shared-banner": [
          "pythoneda-shared-banner"
        ],
        "pythoneda-shared-domain": [
          "pythoneda-shared-domain"
        ]
      },
      "locked": {
        "lastModified": 1707330581,
        "narHash": "sha256-T13HCqbDV9KgSTSLe+hAWi0gsISJto2DH4Djz2JSpc4=",
        "owner": "pythoneda-shared-def",
        "repo": "infrastructure",
        "rev": "dff3d747c06080ad80fab9cd8368dd6e26b06828",
        "type": "github"
      },
      "original": {
        "owner": "pythoneda-shared-def",
        "ref": "0.0.29",
        "repo": "infrastructure",
        "type": "github"
      }
    },
    "pythoneda-shared-infrastructure_2": {
      "inputs": {
        "esdbclient": "esdbclient_2",
        "flake-utils": [
          "pythoneda-shared-runtime-lifecycle-events-infrastructure",
          "flake-utils"
        ],
        "nixos": [
          "pythoneda-shared-runtime-lifecycle-events-infrastructure",
          "nixos"
        ],
        "pythoneda-shared-banner": [
          "pythoneda-shared-runtime-lifecycle-events-infrastructure",
          "pythoneda-shared-banner"
        ],
        "pythoneda-shared-domain": [
          "pythoneda-shared-runtime-lifecycle-events-infrastructure",
          "pythoneda-shared-domain"
        ]
      },
      "locked": {
        "lastModified": 1707330581,
        "narHash": "sha256-T13HCqbDV9KgSTSLe+hAWi0gsISJto2DH4Djz2JSpc4=",
        "owner": "pythoneda-shared-def",
        "repo": "infrastructure",
        "rev": "dff3d747c06080ad80fab9cd8368dd6e26b06828",
        "type": "github"
      },
      "original": {
        "owner": "pythoneda-shared-def",
        "ref": "0.0.29",
        "repo": "infrastructure",
        "type": "github"
      }
    },
    "pythoneda-shared-runtime-lifecycle-events": {
      "inputs": {
        "flake-utils": [
          "pythoneda-runtime-boot",
          "flake-utils"
        ],
        "nixos": [
          "pythoneda-runtime-boot",
          "nixos"
        ],
        "pythoneda-shared-banner": [
          "pythoneda-runtime-boot",
          "pythoneda-shared-banner"
        ],
        "pythoneda-shared-domain": [
          "pythoneda-runtime-boot",
          "pythoneda-shared-domain"
        ]
      },
      "locked": {
        "lastModified": 1707332496,
        "narHash": "sha256-BKvhW6PJQP53Zfzh6V2XamtVAir8X9aawoLEfyA5aTM=",
        "owner": "pythoneda-shared-runtime-def",
        "repo": "lifecycle-events",
        "rev": "d5f9e01813a2e979ab1165ffbdca59e5d7be805c",
        "type": "github"
      },
      "original": {
        "owner": "pythoneda-shared-runtime-def",
        "ref": "0.0.9",
        "repo": "lifecycle-events",
        "type": "github"
      }
    },
    "pythoneda-shared-runtime-lifecycle-events-infrastructure": {
      "inputs": {
        "flake-utils": [
          "flake-utils"
        ],
        "nixos": [
          "nixos"
        ],
        "pythoneda-shared-banner": [
          "pythoneda-shared-banner"
        ],
        "pythoneda-shared-domain": [
          "pythoneda-shared-domain"
        ],
        "pythoneda-shared-infrastructure": "pythoneda-shared-infrastructure_2",
        "pythoneda-shared-runtime-lifecycle-events": "pythoneda-shared-runtime-lifecycle-events_2"
      },
      "locked": {
        "lastModified": 1707332532,
        "narHash": "sha256-+T5tjhl62JiwApIa4HQG531kDVAu0qY83e2JgYSInQk=",
        "owner": "pythoneda-shared-runtime-def",
        "repo": "lifecycle-events-infrastructure",
        "rev": "83a1e13ae1523054516dea8a8c1072fa41213790",
        "type": "github"
      },
      "original": {
        "owner": "pythoneda-shared-runtime-def",
        "ref": "0.0.7",
        "repo": "lifecycle-events-infrastructure",
        "type": "github"
      }
    },
    "pythoneda-shared-runtime-lifecycle-events_2": {
      "inputs": {
        "flake-utils": [
          "pythoneda-shared-runtime-lifecycle-events-infrastructure",
          "flake-utils"
        ],
        "nixos": [
          "pythoneda-shared-runtime-lifecycle-events-infrastructure",
          "nixos"
        ],
        "pythoneda-shared-banner": [
          "pythoneda-shared-runtime-lifecycle-events-infrastructure",
          "pythoneda-shared-banner"
        ],
        "pythoneda-shared-domain": [
          "pythoneda-shared-runtime-lifecycle-events-infrastructure",
          "pythoneda-shared-domain"
        ]
      },
      "locked": {
        "lastModified": 1707332496,
        "narHash": "sha256-BKvhW6PJQP53Zfzh6V2XamtVAir8X9aawoLEfyA5aTM=",
        "owner": "pythoneda-shared-runtime-def",
        "repo": "lifecycle-events",
        "rev": "d5f9e01813a2e979ab1165ffbdca59e5d7be805c",
        "type": "github"
      },
      "original": {
        "owner": "pythoneda-shared-runtime-def",
        "ref": "0.0.9",
        "repo": "lifecycle-events",
        "type": "github"
      }
    },
    "root": {
      "inputs": {
        "flake-utils": "flake-utils",
        "nixos": "nixos",
        "pythoneda-runtime-boot": "pythoneda-runtime-boot",
        "pythoneda-shared-banner": "pythoneda-shared-banner",
        "pythoneda-shared-domain": "pythoneda-shared-domain",
        "pythoneda-shared-infrastructure": "pythoneda-shared-infrastructure",
        "pythoneda-shared-runtime-lifecycle-events-infrastructure": "pythoneda-shared-runtime-lifecycle-events-infrastructure"
      }
    }
  },
  "root": "root",
  "version": 7
}
