{
  "nodes": {
    "esdbclient": {
      "inputs": {
        "flake-utils": [
          "pythoneda-shared-infrastructure",
          "flake-utils"
        ],
        "nixos": [
          "pythoneda-shared-infrastructure",
          "nixos"
        ]
      },
      "locked": {
        "dir": "esdbclient",
        "lastModified": 1705227856,
        "narHash": "sha256-mu3F53Bj7HAz8MOMCgtIgQ7ko8A0LG0MArCNqWbPHaM=",
        "owner": "rydnr",
        "repo": "nix-flakes",
        "rev": "783f471d5fd80d558483b16a48499ce2ecb024ad",
        "type": "github"
      },
      "original": {
        "dir": "esdbclient",
        "owner": "rydnr",
        "repo": "nix-flakes",
        "type": "github"
      }
    },
    "esdbclient_2": {
      "inputs": {
        "flake-utils": [
          "pythoneda-shared-runtime-lifecycle-events-infrastructure",
          "pythoneda-shared-infrastructure",
          "flake-utils"
        ],
        "nixos": [
          "pythoneda-shared-runtime-lifecycle-events-infrastructure",
          "pythoneda-shared-infrastructure",
          "nixos"
        ]
      },
      "locked": {
        "dir": "esdbclient",
        "lastModified": 1705227856,
        "narHash": "sha256-mu3F53Bj7HAz8MOMCgtIgQ7ko8A0LG0MArCNqWbPHaM=",
        "owner": "rydnr",
        "repo": "nix-flakes",
        "rev": "783f471d5fd80d558483b16a48499ce2ecb024ad",
        "type": "github"
      },
      "original": {
        "dir": "esdbclient",
        "owner": "rydnr",
        "repo": "nix-flakes",
        "type": "github"
      }
    },
    "flake-utils": {
      "locked": {
        "lastModified": 1652776076,
        "narHash": "sha256-gzTw/v1vj4dOVbpBSJX4J0DwUR6LIyXo7/SuuTJp1kM=",
        "owner": "numtide",
        "repo": "flake-utils",
        "rev": "04c1b180862888302ddfb2e3ad9eaa63afc60cf8",
        "type": "github"
      },
      "original": {
        "owner": "numtide",
        "ref": "v1.0.0",
        "repo": "flake-utils",
        "type": "github"
      }
    },
    "nixos": {
      "locked": {
        "lastModified": 1701282334,
        "narHash": "sha256-MxCVrXY6v4QmfTwIysjjaX0XUhqBbxTWWB4HXtDYsdk=",
        "owner": "NixOS",
        "repo": "nixpkgs",
        "rev": "057f9aecfb71c4437d2b27d3323df7f93c010b7e",
        "type": "github"
      },
      "original": {
        "owner": "NixOS",
        "ref": "23.11",
        "repo": "nixpkgs",
        "type": "github"
      }
    },
    "pythoneda-runtime-boot": {
      "inputs": {
        "flake-utils": [
          "flake-utils"
        ],
        "nixos": [
          "nixos"
        ],
        "pythoneda-shared-banner": [
          "pythoneda-shared-banner"
        ],
        "pythoneda-shared-domain": [
          "pythoneda-shared-domain"
        ],
        "pythoneda-shared-runtime-lifecycle-events": "pythoneda-shared-runtime-lifecycle-events"
      },
      "locked": {
        "lastModified": 1705926446,
        "narHash": "sha256-9NgVkX23G/UdR20PbCNuF3eNP1CYuV2JTp2WFBkCacU=",
        "owner": "pythoneda-runtime-def",
        "repo": "boot",
        "rev": "1a24d5aab50bdc3ef3505c800b6ddfd6cdf798bc",
        "type": "github"
      },
      "original": {
        "owner": "pythoneda-runtime-def",
        "ref": "0.0.2",
        "repo": "boot",
        "type": "github"
      }
    },
    "pythoneda-shared-banner": {
      "inputs": {
        "flake-utils": [
          "flake-utils"
        ],
        "nixos": [
          "nixos"
        ]
      },
      "locked": {
        "lastModified": 1705523563,
        "narHash": "sha256-jjZLUUwAHWLPzyhCZfz01pkr5WdpA4Kn0AP2H6dBX6g=",
        "owner": "pythoneda-shared-def",
        "repo": "banner",
        "rev": "d9dfb9513567582424a602e21be72a60e3e631b4",
        "type": "github"
      },
      "original": {
        "owner": "pythoneda-shared-def",
        "ref": "0.0.47",
        "repo": "banner",
        "type": "github"
      }
    },
    "pythoneda-shared-domain": {
      "inputs": {
        "flake-utils": [
          "flake-utils"
        ],
        "nixos": [
          "nixos"
        ],
        "pythoneda-shared-banner": [
          "pythoneda-shared-banner"
        ]
      },
      "locked": {
        "lastModified": 1705517602,
        "narHash": "sha256-FpYlDY/8QcOJhl2l8a1OJH864+cw32dxuEaxJ5j0OQ8=",
        "owner": "pythoneda-shared-def",
        "repo": "domain",
        "rev": "fd3c9c899999aa6d8f388cc10e0e2a967642fa9b",
        "type": "github"
      },
      "original": {
        "owner": "pythoneda-shared-def",
        "ref": "0.0.26",
        "repo": "domain",
        "type": "github"
      }
    },
    "pythoneda-shared-infrastructure": {
      "inputs": {
        "esdbclient": "esdbclient",
        "flake-utils": [
          "flake-utils"
        ],
        "nixos": [
          "nixos"
        ],
        "pythoneda-shared-banner": [
          "pythoneda-shared-banner"
        ],
        "pythoneda-shared-domain": [
          "pythoneda-shared-domain"
        ]
      },
      "locked": {
        "lastModified": 1705523779,
        "narHash": "sha256-x5sSgHrQtj2pB9LWSD2BcjPyTDFAkMaUwblqbhPaRNA=",
        "owner": "pythoneda-shared-def",
        "repo": "infrastructure",
        "rev": "7c6fb28bc611ec2f0b098bcee9820d75bffda058",
        "type": "github"
      },
      "original": {
        "owner": "pythoneda-shared-def",
        "ref": "0.0.23",
        "repo": "infrastructure",
        "type": "github"
      }
    },
    "pythoneda-shared-infrastructure_2": {
      "inputs": {
        "esdbclient": "esdbclient_2",
        "flake-utils": [
          "pythoneda-shared-runtime-lifecycle-events-infrastructure",
          "flake-utils"
        ],
        "nixos": [
          "pythoneda-shared-runtime-lifecycle-events-infrastructure",
          "nixos"
        ],
        "pythoneda-shared-banner": [
          "pythoneda-shared-runtime-lifecycle-events-infrastructure",
          "pythoneda-shared-banner"
        ],
        "pythoneda-shared-domain": [
          "pythoneda-shared-runtime-lifecycle-events-infrastructure",
          "pythoneda-shared-domain"
        ]
      },
      "locked": {
        "lastModified": 1705523779,
        "narHash": "sha256-x5sSgHrQtj2pB9LWSD2BcjPyTDFAkMaUwblqbhPaRNA=",
        "owner": "pythoneda-shared-def",
        "repo": "infrastructure",
        "rev": "7c6fb28bc611ec2f0b098bcee9820d75bffda058",
        "type": "github"
      },
      "original": {
        "owner": "pythoneda-shared-def",
        "ref": "0.0.23",
        "repo": "infrastructure",
        "type": "github"
      }
    },
    "pythoneda-shared-runtime-lifecycle-events": {
      "inputs": {
        "flake-utils": [
          "pythoneda-runtime-boot",
          "flake-utils"
        ],
        "nixos": [
          "pythoneda-runtime-boot",
          "nixos"
        ],
        "pythoneda-shared-banner": [
          "pythoneda-runtime-boot",
          "pythoneda-shared-banner"
        ],
        "pythoneda-shared-domain": [
          "pythoneda-runtime-boot",
          "pythoneda-shared-domain"
        ]
      },
      "locked": {
        "lastModified": 1705829835,
        "narHash": "sha256-9ybhwpXU4pjQgWwUcEWfxyphrcDZGakbpRk7fP9TYcc=",
        "owner": "pythoneda-shared-runtime-def",
        "repo": "lifecycle-events",
        "rev": "673d5b861b686a3255a37dd30afb6a731ea21fd8",
        "type": "github"
      },
      "original": {
        "owner": "pythoneda-shared-runtime-def",
        "ref": "0.0.2",
        "repo": "lifecycle-events",
        "type": "github"
      }
    },
    "pythoneda-shared-runtime-lifecycle-events-infrastructure": {
      "inputs": {
        "flake-utils": [
          "flake-utils"
        ],
        "nixos": [
          "nixos"
        ],
        "pythoneda-shared-banner": [
          "pythoneda-shared-banner"
        ],
        "pythoneda-shared-domain": [
          "pythoneda-shared-domain"
        ],
        "pythoneda-shared-infrastructure": "pythoneda-shared-infrastructure_2",
        "pythoneda-shared-runtime-lifecycle-events": "pythoneda-shared-runtime-lifecycle-events_2"
      },
      "locked": {
        "lastModified": 1705829937,
        "narHash": "sha256-+yQEMOeMv8itZ7PcrDKo80hStW3sGKhONK0A8pJrOjA=",
        "owner": "pythoneda-shared-runtime-def",
        "repo": "lifecycle-events-infrastructure",
        "rev": "96a5293ad492dd2128faca419d697355b2e0f727",
        "type": "github"
      },
      "original": {
        "owner": "pythoneda-shared-runtime-def",
        "ref": "0.0.0",
        "repo": "lifecycle-events-infrastructure",
        "type": "github"
      }
    },
    "pythoneda-shared-runtime-lifecycle-events_2": {
      "inputs": {
        "flake-utils": [
          "pythoneda-shared-runtime-lifecycle-events-infrastructure",
          "flake-utils"
        ],
        "nixos": [
          "pythoneda-shared-runtime-lifecycle-events-infrastructure",
          "nixos"
        ],
        "pythoneda-shared-banner": [
          "pythoneda-shared-runtime-lifecycle-events-infrastructure",
          "pythoneda-shared-banner"
        ],
        "pythoneda-shared-domain": [
          "pythoneda-shared-runtime-lifecycle-events-infrastructure",
          "pythoneda-shared-domain"
        ]
      },
      "locked": {
        "lastModified": 1705829835,
        "narHash": "sha256-9ybhwpXU4pjQgWwUcEWfxyphrcDZGakbpRk7fP9TYcc=",
        "owner": "pythoneda-shared-runtime-def",
        "repo": "lifecycle-events",
        "rev": "673d5b861b686a3255a37dd30afb6a731ea21fd8",
        "type": "github"
      },
      "original": {
        "owner": "pythoneda-shared-runtime-def",
        "ref": "0.0.2",
        "repo": "lifecycle-events",
        "type": "github"
      }
    },
    "root": {
      "inputs": {
        "flake-utils": "flake-utils",
        "nixos": "nixos",
        "pythoneda-runtime-boot": "pythoneda-runtime-boot",
        "pythoneda-shared-banner": "pythoneda-shared-banner",
        "pythoneda-shared-domain": "pythoneda-shared-domain",
        "pythoneda-shared-infrastructure": "pythoneda-shared-infrastructure",
        "pythoneda-shared-runtime-lifecycle-events-infrastructure": "pythoneda-shared-runtime-lifecycle-events-infrastructure"
      }
    }
  },
  "root": "root",
  "version": 7
}
