{
  "nodes": {
    "esdbclient": {
      "inputs": {
        "flake-utils": [
          "pythoneda-shared-pythonlang-infrastructure",
          "flake-utils"
        ],
        "nixos": [
          "pythoneda-shared-pythonlang-infrastructure",
          "nixos"
        ]
      },
      "locked": {
        "dir": "esdbclient",
        "lastModified": 1709013782,
        "narHash": "sha256-FKPKV5n997R/g+87THSHzSrIDs5ZQqPeEwkxU9QOy44=",
        "owner": "rydnr",
        "repo": "nix-flakes",
        "rev": "f9431ef419af65458c92afe1ebc6ca2c7294aacf",
        "type": "github"
      },
      "original": {
        "dir": "esdbclient",
        "owner": "rydnr",
        "repo": "nix-flakes",
        "type": "github"
      }
    },
    "esdbclient_2": {
      "inputs": {
        "flake-utils": [
          "pythoneda-shared-runtime-lifecycle-events-infrastructure",
          "pythoneda-shared-pythonlang-infrastructure",
          "flake-utils"
        ],
        "nixos": [
          "pythoneda-shared-runtime-lifecycle-events-infrastructure",
          "pythoneda-shared-pythonlang-infrastructure",
          "nixos"
        ]
      },
      "locked": {
        "dir": "esdbclient",
        "lastModified": 1709013782,
        "narHash": "sha256-FKPKV5n997R/g+87THSHzSrIDs5ZQqPeEwkxU9QOy44=",
        "owner": "rydnr",
        "repo": "nix-flakes",
        "rev": "f9431ef419af65458c92afe1ebc6ca2c7294aacf",
        "type": "github"
      },
      "original": {
        "dir": "esdbclient",
        "owner": "rydnr",
        "repo": "nix-flakes",
        "type": "github"
      }
    },
    "flake-utils": {
      "locked": {
        "lastModified": 1652776076,
        "narHash": "sha256-gzTw/v1vj4dOVbpBSJX4J0DwUR6LIyXo7/SuuTJp1kM=",
        "owner": "numtide",
        "repo": "flake-utils",
        "rev": "04c1b180862888302ddfb2e3ad9eaa63afc60cf8",
        "type": "github"
      },
      "original": {
        "owner": "numtide",
        "ref": "v1.0.0",
        "repo": "flake-utils",
        "type": "github"
      }
    },
    "nixos": {
      "locked": {
        "lastModified": 1701282334,
        "narHash": "sha256-MxCVrXY6v4QmfTwIysjjaX0XUhqBbxTWWB4HXtDYsdk=",
        "owner": "NixOS",
        "repo": "nixpkgs",
        "rev": "057f9aecfb71c4437d2b27d3323df7f93c010b7e",
        "type": "github"
      },
      "original": {
        "owner": "NixOS",
        "ref": "23.11",
        "repo": "nixpkgs",
        "type": "github"
      }
    },
    "pythoneda-runtime-boot": {
      "inputs": {
        "flake-utils": [
          "flake-utils"
        ],
        "nixos": [
          "nixos"
        ],
        "pythoneda-shared-pythonlang-banner": [
          "pythoneda-shared-pythonlang-banner"
        ],
        "pythoneda-shared-pythonlang-domain": [
          "pythoneda-shared-pythonlang-domain"
        ],
        "pythoneda-shared-runtime-lifecycle-events": "pythoneda-shared-runtime-lifecycle-events"
      },
      "locked": {
        "lastModified": 1709899863,
        "narHash": "sha256-eW9TfGCnJGZq/8a1vxkS1hnPGedSMlaIhCwL1vwigLI=",
        "owner": "pythoneda-runtime-def",
        "repo": "boot",
        "rev": "ee6f46d29304ffbacbbf094495ec190a47cc722c",
        "type": "github"
      },
      "original": {
        "owner": "pythoneda-runtime-def",
        "ref": "0.0.13",
        "repo": "boot",
        "type": "github"
      }
    },
    "pythoneda-shared-pythonlang-banner": {
      "inputs": {
        "flake-utils": [
          "flake-utils"
        ],
        "nixos": [
          "nixos"
        ]
      },
      "locked": {
        "lastModified": 1707394777,
        "narHash": "sha256-/LWkKDoOh6751ULtZJq6izDwnu3RnGscki3ewbs0Sds=",
        "owner": "pythoneda-shared-pythonlang-def",
        "repo": "banner",
        "rev": "440ab4e7894ea0706e5004ddb8c294a0f8f02e78",
        "type": "github"
      },
      "original": {
        "owner": "pythoneda-shared-pythonlang-def",
        "ref": "0.0.49",
        "repo": "banner",
        "type": "github"
      }
    },
    "pythoneda-shared-pythonlang-domain": {
      "inputs": {
        "flake-utils": [
          "flake-utils"
        ],
        "nixos": [
          "nixos"
        ],
        "pythoneda-shared-pythonlang-banner": [
          "pythoneda-shared-pythonlang-banner"
        ]
      },
      "locked": {
        "lastModified": 1709897626,
        "narHash": "sha256-UOJXWrgNuNsDxKZmSoS6dN2nJdW1KaclW2tWQPOaVl4=",
        "owner": "pythoneda-shared-pythonlang-def",
        "repo": "domain",
        "rev": "1d4c3239e5f8fb489747d67280223ffff10aca9e",
        "type": "github"
      },
      "original": {
        "owner": "pythoneda-shared-pythonlang-def",
        "ref": "0.0.39",
        "repo": "domain",
        "type": "github"
      }
    },
    "pythoneda-shared-pythonlang-infrastructure": {
      "inputs": {
        "esdbclient": "esdbclient",
        "flake-utils": [
          "flake-utils"
        ],
        "nixos": [
          "nixos"
        ],
        "pythoneda-shared-pythonlang-banner": [
          "pythoneda-shared-pythonlang-banner"
        ],
        "pythoneda-shared-pythonlang-domain": [
          "pythoneda-shared-pythonlang-domain"
        ]
      },
      "locked": {
        "lastModified": 1709897900,
        "narHash": "sha256-88DNUgHlTP+rLpOf3MHgfjLbvI2OYefnyJ142auICEA=",
        "owner": "pythoneda-shared-pythonlang-def",
        "repo": "infrastructure",
        "rev": "978cff9394bc744f19c31990ca02aad4e75d98fb",
        "type": "github"
      },
      "original": {
        "owner": "pythoneda-shared-pythonlang-def",
        "ref": "0.0.34",
        "repo": "infrastructure",
        "type": "github"
      }
    },
    "pythoneda-shared-pythonlang-infrastructure_2": {
      "inputs": {
        "esdbclient": "esdbclient_2",
        "flake-utils": [
          "pythoneda-shared-runtime-lifecycle-events-infrastructure",
          "flake-utils"
        ],
        "nixos": [
          "pythoneda-shared-runtime-lifecycle-events-infrastructure",
          "nixos"
        ],
        "pythoneda-shared-pythonlang-banner": [
          "pythoneda-shared-runtime-lifecycle-events-infrastructure",
          "pythoneda-shared-pythonlang-banner"
        ],
        "pythoneda-shared-pythonlang-domain": [
          "pythoneda-shared-runtime-lifecycle-events-infrastructure",
          "pythoneda-shared-pythonlang-domain"
        ]
      },
      "locked": {
        "lastModified": 1709897900,
        "narHash": "sha256-88DNUgHlTP+rLpOf3MHgfjLbvI2OYefnyJ142auICEA=",
        "owner": "pythoneda-shared-pythonlang-def",
        "repo": "infrastructure",
        "rev": "978cff9394bc744f19c31990ca02aad4e75d98fb",
        "type": "github"
      },
      "original": {
        "owner": "pythoneda-shared-pythonlang-def",
        "ref": "0.0.34",
        "repo": "infrastructure",
        "type": "github"
      }
    },
    "pythoneda-shared-runtime-lifecycle-events": {
      "inputs": {
        "flake-utils": [
          "pythoneda-runtime-boot",
          "flake-utils"
        ],
        "nixos": [
          "pythoneda-runtime-boot",
          "nixos"
        ],
        "pythoneda-shared-pythonlang-banner": [
          "pythoneda-runtime-boot",
          "pythoneda-shared-pythonlang-banner"
        ],
        "pythoneda-shared-pythonlang-domain": [
          "pythoneda-runtime-boot",
          "pythoneda-shared-pythonlang-domain"
        ]
      },
      "locked": {
        "lastModified": 1709899691,
        "narHash": "sha256-GwaF+80GC3cSBj8Zemvkl1a03YJHh7c38gtX3PBkCY0=",
        "owner": "pythoneda-shared-runtime-def",
        "repo": "lifecycle-events",
        "rev": "8f42b16dfabb66a1b832bce897db7997c2c331e3",
        "type": "github"
      },
      "original": {
        "owner": "pythoneda-shared-runtime-def",
        "ref": "0.0.13",
        "repo": "lifecycle-events",
        "type": "github"
      }
    },
    "pythoneda-shared-runtime-lifecycle-events-infrastructure": {
      "inputs": {
        "flake-utils": [
          "flake-utils"
        ],
        "nixos": [
          "nixos"
        ],
        "pythoneda-shared-pythonlang-banner": [
          "pythoneda-shared-pythonlang-banner"
        ],
        "pythoneda-shared-pythonlang-domain": [
          "pythoneda-shared-pythonlang-domain"
        ],
        "pythoneda-shared-pythonlang-infrastructure": "pythoneda-shared-pythonlang-infrastructure_2",
        "pythoneda-shared-runtime-lifecycle-events": "pythoneda-shared-runtime-lifecycle-events_2"
      },
      "locked": {
        "lastModified": 1709899725,
        "narHash": "sha256-Fas7j6++b1JwExl78zTTBqNnS5J3+iGFV8eDK73ZNoI=",
        "owner": "pythoneda-shared-runtime-def",
        "repo": "lifecycle-events-infrastructure",
        "rev": "5d9d89ddaf52ad75efd7619343688452b4c6a83d",
        "type": "github"
      },
      "original": {
        "owner": "pythoneda-shared-runtime-def",
        "ref": "0.0.11",
        "repo": "lifecycle-events-infrastructure",
        "type": "github"
      }
    },
    "pythoneda-shared-runtime-lifecycle-events_2": {
      "inputs": {
        "flake-utils": [
          "pythoneda-shared-runtime-lifecycle-events-infrastructure",
          "flake-utils"
        ],
        "nixos": [
          "pythoneda-shared-runtime-lifecycle-events-infrastructure",
          "nixos"
        ],
        "pythoneda-shared-pythonlang-banner": [
          "pythoneda-shared-runtime-lifecycle-events-infrastructure",
          "pythoneda-shared-pythonlang-banner"
        ],
        "pythoneda-shared-pythonlang-domain": [
          "pythoneda-shared-runtime-lifecycle-events-infrastructure",
          "pythoneda-shared-pythonlang-domain"
        ]
      },
      "locked": {
        "lastModified": 1709899691,
        "narHash": "sha256-GwaF+80GC3cSBj8Zemvkl1a03YJHh7c38gtX3PBkCY0=",
        "owner": "pythoneda-shared-runtime-def",
        "repo": "lifecycle-events",
        "rev": "8f42b16dfabb66a1b832bce897db7997c2c331e3",
        "type": "github"
      },
      "original": {
        "owner": "pythoneda-shared-runtime-def",
        "ref": "0.0.13",
        "repo": "lifecycle-events",
        "type": "github"
      }
    },
    "root": {
      "inputs": {
        "flake-utils": "flake-utils",
        "nixos": "nixos",
        "pythoneda-runtime-boot": "pythoneda-runtime-boot",
        "pythoneda-shared-pythonlang-banner": "pythoneda-shared-pythonlang-banner",
        "pythoneda-shared-pythonlang-domain": "pythoneda-shared-pythonlang-domain",
        "pythoneda-shared-pythonlang-infrastructure": "pythoneda-shared-pythonlang-infrastructure",
        "pythoneda-shared-runtime-lifecycle-events-infrastructure": "pythoneda-shared-runtime-lifecycle-events-infrastructure"
      }
    }
  },
  "root": "root",
  "version": 7
}
